
Microsoft Visual Studio Solution File, Format Version 12.00
# Visual Studio Version 17
VisualStudioVersion = 17.2.32602.215
MinimumVisualStudioVersion = 10.0.40219.1
Project("{FAE04EC0-301F-11D3-BF4B-00C04F79EFBC}") = "TugasDelegateDanEvent", "TugasDelegateDanEvent.csproj", "{F23C05AD-60DE-48B9-A340-B7A015DA2CB3}"
EndProject
Global
	GlobalSection(SolutionConfigurationPlatforms) = preSolution
		Debug|Any CPU = Debug|Any CPU
		Release|Any CPU = Release|Any CPU
	EndGlobalSection
	GlobalSection(ProjectConfigurationPlatforms) = postSolution
		{F23C05AD-60DE-48B9-A340-B7A015DA2CB3}.Debug|Any CPU.ActiveCfg = Debug|Any CPU
		{F23C05AD-60DE-48B9-A340-B7A015DA2CB3}.Debug|Any CPU.Build.0 = Debug|Any CPU
		{F23C05AD-60DE-48B9-A340-B7A015DA2CB3}.Release|Any CPU.ActiveCfg = Release|Any CPU
		{F23C05AD-60DE-48B9-A340-B7A015DA2CB3}.Release|Any CPU.Build.0 = Release|Any CPU
	EndGlobalSection
	GlobalSection(SolutionProperties) = preSolution
		HideSolutionNode = FALSE
	EndGlobalSection
	GlobalSection(ExtensibilityGlobals) = postSolution
		SolutionGuid = {E7A1ED2E-11C7-4613-A66B-2B76AFAA0D0F}
	EndGlobalSection
EndGlobal
